<?xml version="1.0" encoding="utf-8"?>
<Project ToolsVersion="4.0" xmlns="http://schemas.microsoft.com/developer/msbuild/2003">
  <ItemGroup>
    <Filter Include="pthread">
      <UniqueIdentifier>{824b7e57-63eb-4879-8893-1558a1500834}</UniqueIdentifier>
    </Filter>
    <Filter Include="main">
      <UniqueIdentifier>{a0f72986-ba07-4f83-beec-0305a7b0151d}</UniqueIdentifier>
    </Filter>
    <Filter Include="pthread\include">
      <UniqueIdentifier>{82ab6dc5-50e9-45c2-bea7-5d3768589782}</UniqueIdentifier>
    </Filter>
    <Filter Include="pthread\lib">
      <UniqueIdentifier>{88092f95-0b4e-4cf5-8fa8-15c28071f4d1}</UniqueIdentifier>
    </Filter>
    <Filter Include="main\include">
      <UniqueIdentifier>{2ea88ddb-68f5-4c73-93cb-9801b52f6209}</UniqueIdentifier>
    </Filter>
  </ItemGroup>
  <ItemGroup>
    <ClCompile Include="main.c">
      <Filter>main</Filter>
    </ClCompile>
    <ClCompile Include="schead.c">
      <Filter>main</Filter>
    </ClCompile>
    <ClCompile Include="scsocket.c">
      <Filter>main</Filter>
    </ClCompile>
    <ClCompile Include="sctime.c">
      <Filter>main</Filter>
    </ClCompile>
    <ClCompile Include="strerr.c">
      <Filter>main</Filter>
    </ClCompile>
  </ItemGroup>
  <ItemGroup>
    <Text Include="ReadMe.txt" />
  </ItemGroup>
  <ItemGroup>
    <ClInclude Include="pthread.h">
      <Filter>pthread\include</Filter>
    </ClInclude>
    <ClInclude Include="sched.h">
      <Filter>pthread\include</Filter>
    </ClInclude>
    <ClInclude Include="semaphore.h">
      <Filter>pthread\include</Filter>
    </ClInclude>
    <ClInclude Include="schead.h">
      <Filter>main\include</Filter>
    </ClInclude>
    <ClInclude Include="scsocket.h">
      <Filter>main\include</Filter>
    </ClInclude>
    <ClInclude Include="sctime.h">
      <Filter>main\include</Filter>
    </ClInclude>
    <ClInclude Include="struct.h">
      <Filter>main\include</Filter>
    </ClInclude>
  </ItemGroup>
  <ItemGroup>
    <Library Include="pthread_lib.lib">
      <Filter>pthread\lib</Filter>
    </Library>
  </ItemGroup>
</Project>